// !$*UTF8*$!
{
	archiveVersion = 1;
	classes = {
	};
	objectVersion = 77;
	objects = {

/* Begin PBXBuildFile section */
		36976B6B2E90284A003B6679 /* LaunchScreenView.swift in Sources */ = {isa = PBXBuildFile; fileRef = 36976B6A2E90284A003B6679 /* LaunchScreenView.swift */; };
		36976BD62E92C48B003B6679 /* Localizable.xcstrings in Resources */ = {isa = PBXBuildFile; fileRef = 36976BD52E92C48B003B6679 /* Localizable.xcstrings */; };
		36976BDA2E92D3B1003B6679 /* GoogleMobileAds in Frameworks */ = {isa = PBXBuildFile; productRef = 36976BD92E92D3B1003B6679 /* GoogleMobileAds */; };
/* End PBXBuildFile section */

/* Begin PBXContainerItemProxy section */
		36A6287D2DD88912001323D2 /* PBXContainerItemProxy */ = {
			isa = PBXContainerItemProxy;
			containerPortal = 36A628672DD88911001323D2 /* Project object */;
			proxyType = 1;
			remoteGlobalIDString = 36A6286E2DD88911001323D2;
			remoteInfo = RadioPlay;
		};
		36A628872DD88912001323D2 /* PBXContainerItemProxy */ = {
			isa = PBXContainerItemProxy;
			containerPortal = 36A628672DD88911001323D2 /* Project object */;
			proxyType = 1;
			remoteGlobalIDString = 36A6286E2DD88911001323D2;
			remoteInfo = RadioPlay;
		};
/* End PBXContainerItemProxy section */

/* Begin PBXFileReference section */
		36976B6A2E90284A003B6679 /* LaunchScreenView.swift */ = {isa = PBXFileReference; lastKnownFileType = sourcecode.swift; path = LaunchScreenView.swift; sourceTree = "<group>"; };
		36976BD52E92C48B003B6679 /* Localizable.xcstrings */ = {isa = PBXFileReference; lastKnownFileType = text.json.xcstrings; path = Localizable.xcstrings; sourceTree = "<group>"; };
		36A6286F2DD88911001323D2 /* RadioPlay.app */ = {isa = PBXFileReference; explicitFileType = wrapper.application; includeInIndex = 0; path = RadioPlay.app; sourceTree = BUILT_PRODUCTS_DIR; };
		36A6287C2DD88912001323D2 /* RadioPlayTests.xctest */ = {isa = PBXFileReference; explicitFileType = wrapper.cfbundle; includeInIndex = 0; path = RadioPlayTests.xctest; sourceTree = BUILT_PRODUCTS_DIR; };
		36A628862DD88912001323D2 /* RadioPlayUITests.xctest */ = {isa = PBXFileReference; explicitFileType = wrapper.cfbundle; includeInIndex = 0; path = RadioPlayUITests.xctest; sourceTree = BUILT_PRODUCTS_DIR; };
/* End PBXFileReference section */

/* Begin PBXFileSystemSynchronizedBuildFileExceptionSet section */
		36976BD72E92C59F003B6679 /* Exceptions for "RadioPlay" folder in "RadioPlay" target */ = {
			isa = PBXFileSystemSynchronizedBuildFileExceptionSet;
			membershipExceptions = (
				info.plist,
			);
			target = 36A6286E2DD88911001323D2 /* RadioPlay */;
		};
/* End PBXFileSystemSynchronizedBuildFileExceptionSet section */

/* Begin PBXFileSystemSynchronizedRootGroup section */
		36A628712DD88911001323D2 /* RadioPlay */ = {
			isa = PBXFileSystemSynchronizedRootGroup;
			exceptions = (
				36976BD72E92C59F003B6679 /* Exceptions for "RadioPlay" folder in "RadioPlay" target */,
			);
			path = RadioPlay;
			sourceTree = "<group>";
		};
		36A6287F2DD88912001323D2 /* RadioPlayTests */ = {
			isa = PBXFileSystemSynchronizedRootGroup;
			path = RadioPlayTests;
			sourceTree = "<group>";
		};
		36A628892DD88912001323D2 /* RadioPlayUITests */ = {
			isa = PBXFileSystemSynchronizedRootGroup;
			path = RadioPlayUITests;
			sourceTree = "<group>";
		};
/* End PBXFileSystemSynchronizedRootGroup section */

/* Begin PBXFrameworksBuildPhase section */
		36A6286C2DD88911001323D2 /* Frameworks */ = {
			isa = PBXFrameworksBuildPhase;
			buildActionMask = 2147483647;
			files = (
				36976BDA2E92D3B1003B6679 /* GoogleMobileAds in Frameworks */,
			);
			runOnlyForDeploymentPostprocessing = 0;
		};
		36A628792DD88912001323D2 /* Frameworks */ = {
			isa = PBXFrameworksBuildPhase;
			buildActionMask = 2147483647;
			files = (
			);
			runOnlyForDeploymentPostprocessing = 0;
		};
		36A628832DD88912001323D2 /* Frameworks */ = {
			isa = PBXFrameworksBuildPhase;
			buildActionMask = 2147483647;
			files = (
			);
			runOnlyForDeploymentPostprocessing = 0;
		};
/* End PBXFrameworksBuildPhase section */

/* Begin PBXGroup section */
		36976BD42E92C407003B6679 /* Resources */ = {
			isa = PBXGroup;
			children = (
				36A628712DD88911001323D2 /* RadioPlay */,
				36976BD52E92C48B003B6679 /* Localizable.xcstrings */,
			);
			path = Resources;
			sourceTree = "<group>";
		};
		36A628662DD88911001323D2 = {
			isa = PBXGroup;
			children = (
				36976BD42E92C407003B6679 /* Resources */,
				36A6287F2DD88912001323D2 /* RadioPlayTests */,
				36A628892DD88912001323D2 /* RadioPlayUITests */,
				36A628702DD88911001323D2 /* Products */,
				36976B6A2E90284A003B6679 /* LaunchScreenView.swift */,
			);
			sourceTree = "<group>";
		};
		36A628702DD88911001323D2 /* Products */ = {
			isa = PBXGroup;
			children = (
				36A6286F2DD88911001323D2 /* RadioPlay.app */,
				36A6287C2DD88912001323D2 /* RadioPlayTests.xctest */,
				36A628862DD88912001323D2 /* RadioPlayUITests.xctest */,
			);
			name = Products;
			sourceTree = "<group>";
		};
/* End PBXGroup section */

/* Begin PBXNativeTarget section */
		36A6286E2DD88911001323D2 /* RadioPlay */ = {
			isa = PBXNativeTarget;
			buildConfigurationList = 36A628902DD88912001323D2 /* Build configuration list for PBXNativeTarget "RadioPlay" */;
			buildPhases = (
				36A6286B2DD88911001323D2 /* Sources */,
				36A6286C2DD88911001323D2 /* Frameworks */,
				36A6286D2DD88911001323D2 /* Resources */,
			);
			buildRules = (
			);
			dependencies = (
			);
			fileSystemSynchronizedGroups = (
				36A628712DD88911001323D2 /* RadioPlay */,
			);
			name = RadioPlay;
			packageProductDependencies = (
				36976BD92E92D3B1003B6679 /* GoogleMobileAds */,
			);
			productName = RadioPlay;
			productReference = 36A6286F2DD88911001323D2 /* RadioPlay.app */;
			productType = "com.apple.product-type.application";
		};
		36A6287B2DD88912001323D2 /* RadioPlayTests */ = {
			isa = PBXNativeTarget;
			buildConfigurationList = 36A628932DD88912001323D2 /* Build configuration list for PBXNativeTarget "RadioPlayTests" */;
			buildPhases = (
				36A628782DD88912001323D2 /* Sources */,
				36A628792DD88912001323D2 /* Frameworks */,
				36A6287A2DD88912001323D2 /* Resources */,
			);
			buildRules = (
			);
			dependencies = (
				36A6287E2DD88912001323D2 /* PBXTargetDependency */,
			);
			fileSystemSynchronizedGroups = (
				36A6287F2DD88912001323D2 /* RadioPlayTests */,
			);
			name = RadioPlayTests;
			packageProductDependencies = (
			);
			productName = RadioPlayTests;
			productReference = 36A6287C2DD88912001323D2 /* RadioPlayTests.xctest */;
			productType = "com.apple.product-type.bundle.unit-test";
		};
		36A628852DD88912001323D2 /* RadioPlayUITests */ = {
			isa = PBXNativeTarget;
			buildConfigurationList = 36A628962DD88912001323D2 /* Build configuration list for PBXNativeTarget "RadioPlayUITests" */;
			buildPhases = (
				36A628822DD88912001323D2 /* Sources */,
				36A628832DD88912001323D2 /* Frameworks */,
				36A628842DD88912001323D2 /* Resources */,
			);
			buildRules = (
			);
			dependencies = (
				36A628882DD88912001323D2 /* PBXTargetDependency */,
			);
			fileSystemSynchronizedGroups = (
				36A628892DD88912001323D2 /* RadioPlayUITests */,
			);
			name = RadioPlayUITests;
			packageProductDependencies = (
			);
			productName = RadioPlayUITests;
			productReference = 36A628862DD88912001323D2 /* RadioPlayUITests.xctest */;
			productType = "com.apple.product-type.bundle.ui-testing";
		};
/* End PBXNativeTarget section */

/* Begin PBXProject section */
		36A628672DD88911001323D2 /* Project object */ = {
			isa = PBXProject;
			attributes = {
				BuildIndependentTargetsInParallel = 1;
				LastSwiftUpdateCheck = 1630;
				LastUpgradeCheck = 1630;
				TargetAttributes = {
					36A6286E2DD88911001323D2 = {
						CreatedOnToolsVersion = 16.3;
					};
					36A6287B2DD88912001323D2 = {
						CreatedOnToolsVersion = 16.3;
						TestTargetID = 36A6286E2DD88911001323D2;
					};
					36A628852DD88912001323D2 = {
						CreatedOnToolsVersion = 16.3;
						TestTargetID = 36A6286E2DD88911001323D2;
					};
				};
			};
			buildConfigurationList = 36A6286A2DD88911001323D2 /* Build configuration list for PBXProject "RadioPlay" */;
			developmentRegion = en;
			hasScannedForEncodings = 0;
			knownRegions = (
				en,
				Base,
			);
			mainGroup = 36A628662DD88911001323D2;
			minimizedProjectReferenceProxies = 1;
			packageReferences = (
				36976BD82E92D3B1003B6679 /* XCRemoteSwiftPackageReference "swift-package-manager-google-mobile-ads" */,
			);
			preferredProjectObjectVersion = 77;
			productRefGroup = 36A628702DD88911001323D2 /* Products */;
			projectDirPath = "";
			projectRoot = "";
			targets = (
				36A6286E2DD88911001323D2 /* RadioPlay */,
				36A6287B2DD88912001323D2 /* RadioPlayTests */,
				36A628852DD88912001323D2 /* RadioPlayUITests */,
			);
		};
/* End PBXProject section */

/* Begin PBXResourcesBuildPhase section */
		36A6286D2DD88911001323D2 /* Resources */ = {
			isa = PBXResourcesBuildPhase;
			buildActionMask = 2147483647;
			files = (
				36976BD62E92C48B003B6679 /* Localizable.xcstrings in Resources */,
			);
			runOnlyForDeploymentPostprocessing = 0;
		};
		36A6287A2DD88912001323D2 /* Resources */ = {
			isa = PBXResourcesBuildPhase;
			buildActionMask = 2147483647;
			files = (
			);
			runOnlyForDeploymentPostprocessing = 0;
		};
		36A628842DD88912001323D2 /* Resources */ = {
			isa = PBXResourcesBuildPhase;
			buildActionMask = 2147483647;
			files = (
			);
			runOnlyForDeploymentPostprocessing = 0;
		};
/* End PBXResourcesBuildPhase section */

/* Begin PBXSourcesBuildPhase section */
		36A6286B2DD88911001323D2 /* Sources */ = {
			isa = PBXSourcesBuildPhase;
			buildActionMask = 2147483647;
			files = (
				36976B6B2E90284A003B6679 /* LaunchScreenView.swift in Sources */,
			);
			runOnlyForDeploymentPostprocessing = 0;
		};
		36A628782DD88912001323D2 /* Sources */ = {
			isa = PBXSourcesBuildPhase;
			buildActionMask = 2147483647;
			files = (
			);
			runOnlyForDeploymentPostprocessing = 0;
		};
		36A628822DD88912001323D2 /* Sources */ = {
			isa = PBXSourcesBuildPhase;
			buildActionMask = 2147483647;
			files = (
			);
			runOnlyForDeploymentPostprocessing = 0;
		};
/* End PBXSourcesBuildPhase section */

/* Begin PBXTargetDependency section */
		36A6287E2DD88912001323D2 /* PBXTargetDependency */ = {
			isa = PBXTargetDependency;
			target = 36A6286E2DD88911001323D2 /* RadioPlay */;
			targetProxy = 36A6287D2DD88912001323D2 /* PBXContainerItemProxy */;
		};
		36A628882DD88912001323D2 /* PBXTargetDependency */ = {
			isa = PBXTargetDependency;
			target = 36A6286E2DD88911001323D2 /* RadioPlay */;
			targetProxy = 36A628872DD88912001323D2 /* PBXContainerItemProxy */;
		};
/* End PBXTargetDependency section */

/* Begin XCBuildConfiguration section */
		36A6288E2DD88912001323D2 /* Debug */ = {
			isa = XCBuildConfiguration;
			buildSettings = {
				ALWAYS_SEARCH_USER_PATHS = NO;
				ASSETCATALOG_COMPILER_GENERATE_SWIFT_ASSET_SYMBOL_EXTENSIONS = YES;
				CLANG_ANALYZER_NONNULL = YES;
				CLANG_ANALYZER_NUMBER_OBJECT_CONVERSION = YES_AGGRESSIVE;
				CLANG_CXX_LANGUAGE_STANDARD = "gnu++20";
				CLANG_ENABLE_MODULES = YES;
				CLANG_ENABLE_OBJC_ARC = YES;
				CLANG_ENABLE_OBJC_WEAK = YES;
				CLANG_WARN_BLOCK_CAPTURE_AUTORELEASING = YES;
				CLANG_WARN_BOOL_CONVERSION = YES;
				CLANG_WARN_COMMA = YES;
				CLANG_WARN_CONSTANT_CONVERSION = YES;
				CLANG_WARN_DEPRECATED_OBJC_IMPLEMENTATIONS = YES;
				CLANG_WARN_DIRECT_OBJC_ISA_USAGE = YES_ERROR;
				CLANG_WARN_DOCUMENTATION_COMMENTS = YES;
				CLANG_WARN_EMPTY_BODY = YES;
				CLANG_WARN_ENUM_CONVERSION = YES;
				CLANG_WARN_INFINITE_RECURSION = YES;
				CLANG_WARN_INT_CONVERSION = YES;
				CLANG_WARN_NON_LITERAL_NULL_CONVERSION = YES;
				CLANG_WARN_OBJC_IMPLICIT_RETAIN_SELF = YES;
				CLANG_WARN_OBJC_LITERAL_CONVERSION = YES;
				CLANG_WARN_OBJC_ROOT_CLASS = YES_ERROR;
				CLANG_WARN_QUOTED_INCLUDE_IN_FRAMEWORK_HEADER = YES;
				CLANG_WARN_RANGE_LOOP_ANALYSIS = YES;
				CLANG_WARN_STRICT_PROTOTYPES = YES;
				CLANG_WARN_SUSPICIOUS_MOVE = YES;
				CLANG_WARN_UNGUARDED_AVAILABILITY = YES_AGGRESSIVE;
				CLANG_WARN_UNREACHABLE_CODE = YES;
				CLANG_WARN__DUPLICATE_METHOD_MATCH = YES;
				COPY_PHASE_STRIP = NO;
				DEBUG_INFORMATION_FORMAT = dwarf;
				DEVELOPMENT_TEAM = 8A4M4QND2E;
				ENABLE_STRICT_OBJC_MSGSEND = YES;
				ENABLE_TESTABILITY = YES;
				ENABLE_USER_SCRIPT_SANDBOXING = YES;
				GCC_C_LANGUAGE_STANDARD = gnu17;
				GCC_DYNAMIC_NO_PIC = NO;
				GCC_NO_COMMON_BLOCKS = YES;
				GCC_OPTIMIZATION_LEVEL = 0;
				GCC_PREPROCESSOR_DEFINITIONS = (
					"DEBUG=1",
					"$(inherited)",
				);
				GCC_WARN_64_TO_32_BIT_CONVERSION = YES;
				GCC_WARN_ABOUT_RETURN_TYPE = YES_ERROR;
				GCC_WARN_UNDECLARED_SELECTOR = YES;
				GCC_WARN_UNINITIALIZED_AUTOS = YES_AGGRESSIVE;
				GCC_WARN_UNUSED_FUNCTION = YES;
				GCC_WARN_UNUSED_VARIABLE = YES;
				IPHONEOS_DEPLOYMENT_TARGET = 18.4;
				LOCALIZATION_PREFERS_STRING_CATALOGS = YES;
				MTL_ENABLE_DEBUG_INFO = INCLUDE_SOURCE;
				MTL_FAST_MATH = YES;
				ONLY_ACTIVE_ARCH = YES;
				SDKROOT = iphoneos;
				SWIFT_ACTIVE_COMPILATION_CONDITIONS = "DEBUG $(inherited)";
				SWIFT_EMIT_LOC_STRINGS = YES;
				SWIFT_OPTIMIZATION_LEVEL = "-Onone";
			};
			name = Debug;
		};
		36A6288F2DD88912001323D2 /* Release */ = {
			isa = XCBuildConfiguration;
			buildSettings = {
				ALWAYS_SEARCH_USER_PATHS = NO;
				ASSETCATALOG_COMPILER_GENERATE_SWIFT_ASSET_SYMBOL_EXTENSIONS = YES;
				CLANG_ANALYZER_NONNULL = YES;
				CLANG_ANALYZER_NUMBER_OBJECT_CONVERSION = YES_AGGRESSIVE;
				CLANG_CXX_LANGUAGE_STANDARD = "gnu++20";
				CLANG_ENABLE_MODULES = YES;
				CLANG_ENABLE_OBJC_ARC = YES;
				CLANG_ENABLE_OBJC_WEAK = YES;
				CLANG_WARN_BLOCK_CAPTURE_AUTORELEASING = YES;
				CLANG_WARN_BOOL_CONVERSION = YES;
				CLANG_WARN_COMMA = YES;
				CLANG_WARN_CONSTANT_CONVERSION = YES;
				CLANG_WARN_DEPRECATED_OBJC_IMPLEMENTATIONS = YES;
				CLANG_WARN_DIRECT_OBJC_ISA_USAGE = YES_ERROR;
				CLANG_WARN_DOCUMENTATION_COMMENTS = YES;
				CLANG_WARN_EMPTY_BODY = YES;
				CLANG_WARN_ENUM_CONVERSION = YES;
				CLANG_WARN_INFINITE_RECURSION = YES;
				CLANG_WARN_INT_CONVERSION = YES;
				CLANG_WARN_NON_LITERAL_NULL_CONVERSION = YES;
				CLANG_WARN_OBJC_IMPLICIT_RETAIN_SELF = YES;
				CLANG_WARN_OBJC_LITERAL_CONVERSION = YES;
				CLANG_WARN_OBJC_ROOT_CLASS = YES_ERROR;
				CLANG_WARN_QUOTED_INCLUDE_IN_FRAMEWORK_HEADER = YES;
				CLANG_WARN_RANGE_LOOP_ANALYSIS = YES;
				CLANG_WARN_STRICT_PROTOTYPES = YES;
				CLANG_WARN_SUSPICIOUS_MOVE = YES;
				CLANG_WARN_UNGUARDED_AVAILABILITY = YES_AGGRESSIVE;
				CLANG_WARN_UNREACHABLE_CODE = YES;
				CLANG_WARN__DUPLICATE_METHOD_MATCH = YES;
				COPY_PHASE_STRIP = NO;
				DEBUG_INFORMATION_FORMAT = "dwarf-with-dsym";
				DEVELOPMENT_TEAM = 8A4M4QND2E;
				ENABLE_NS_ASSERTIONS = NO;
				ENABLE_STRICT_OBJC_MSGSEND = YES;
				ENABLE_USER_SCRIPT_SANDBOXING = YES;
				GCC_C_LANGUAGE_STANDARD = gnu17;
				GCC_NO_COMMON_BLOCKS = YES;
				GCC_WARN_64_TO_32_BIT_CONVERSION = YES;
				GCC_WARN_ABOUT_RETURN_TYPE = YES_ERROR;
				GCC_WARN_UNDECLARED_SELECTOR = YES;
				GCC_WARN_UNINITIALIZED_AUTOS = YES_AGGRESSIVE;
				GCC_WARN_UNUSED_FUNCTION = YES;
				GCC_WARN_UNUSED_VARIABLE = YES;
				IPHONEOS_DEPLOYMENT_TARGET = 18.4;
				LOCALIZATION_PREFERS_STRING_CATALOGS = YES;
				MTL_ENABLE_DEBUG_INFO = NO;
				MTL_FAST_MATH = YES;
				SDKROOT = iphoneos;
				SWIFT_COMPILATION_MODE = wholemodule;
				SWIFT_EMIT_LOC_STRINGS = YES;
				VALIDATE_PRODUCT = YES;
			};
			name = Release;
		};
		36A628912DD88912001323D2 /* Debug */ = {
			isa = XCBuildConfiguration;
			buildSettings = {
				ASSETCATALOG_COMPILER_APPICON_NAME = AppIcon;
				ASSETCATALOG_COMPILER_GLOBAL_ACCENT_COLOR_NAME = AccentColor;
				ASSETCATALOG_COMPILER_INCLUDE_ALL_APPICON_ASSETS = NO;
				CODE_SIGN_IDENTITY = "Apple Development";
				CODE_SIGN_STYLE = Automatic;
				CURRENT_PROJECT_VERSION = 20251005;
				DEVELOPMENT_TEAM = 8A4M4QND2E;
				ENABLE_PREVIEWS = YES;
				GENERATE_INFOPLIST_FILE = YES;
				INFOPLIST_FILE = Resources/RadioPlay/Info.plist;
				INFOPLIST_KEY_CFBundleDisplayName = RadioPlay;
				INFOPLIST_KEY_LSApplicationCategoryType = "public.app-category.music";
				INFOPLIST_KEY_NSAppleMusicUsageDescription = "Cette application utilise Apple Music pour rechercher des pochettes d'albums";
				INFOPLIST_KEY_NSUserTrackingUsageDescription = "We use this data to provide you with personalized ads and support the ongoing development of this application";
				INFOPLIST_KEY_UIApplicationSupportsIndirectInputEvents = YES;
				INFOPLIST_KEY_UILaunchStoryboardName = LaunchScreen;
				INFOPLIST_KEY_UIRequiredDeviceCapabilities = armv7;
				INFOPLIST_KEY_UISupportedInterfaceOrientations = "UIInterfaceOrientationPortrait UIInterfaceOrientationLandscapeLeft UIInterfaceOrientationLandscapeRight";
				INFOPLIST_KEY_UISupportedInterfaceOrientations_iPad = "UIInterfaceOrientationPortrait UIInterfaceOrientationPortraitUpsideDown UIInterfaceOrientationLandscapeLeft UIInterfaceOrientationLandscapeRight";
				INFOPLIST_KEY_UISupportedInterfaceOrientations_iPhone = "UIInterfaceOrientationPortrait UIInterfaceOrientationLandscapeLeft UIInterfaceOrientationLandscapeRight";
				IPHONEOS_DEPLOYMENT_TARGET = 17.6;
				LD_RUNPATH_SEARCH_PATHS = (
					"$(inherited)",
					"@executable_path/Frameworks",
				);
				MARKETING_VERSION = 10.0;
				PRODUCT_BUNDLE_IDENTIFIER = com.ingravity.radiomyme;
				PRODUCT_NAME = "$(TARGET_NAME)";
				PROVISIONING_PROFILE_SPECIFIER = "";
				SWIFT_EMIT_LOC_STRINGS = YES;
				SWIFT_VERSION = 5.0;
				TARGETED_DEVICE_FAMILY = "1,2";
			};
			name = Debug;
		};
		36A628922DD88912001323D2 /* Release */ = {
			isa = XCBuildConfiguration;
			buildSettings = {
				ASSETCATALOG_COMPILER_APPICON_NAME = AppIcon;
				ASSETCATALOG_COMPILER_GLOBAL_ACCENT_COLOR_NAME = AccentColor;
				ASSETCATALOG_COMPILER_INCLUDE_ALL_APPICON_ASSETS = NO;
				CODE_SIGN_IDENTITY = "Apple Development";
				CODE_SIGN_STYLE = Automatic;
				CURRENT_PROJECT_VERSION = 20251005;
				DEVELOPMENT_TEAM = 8A4M4QND2E;
				ENABLE_PREVIEWS = YES;
				GENERATE_INFOPLIST_FILE = YES;
				INFOPLIST_FILE = Resources/RadioPlay/Info.plist;
				INFOPLIST_KEY_CFBundleDisplayName = RadioPlay;
				INFOPLIST_KEY_LSApplicationCategoryType = "public.app-category.music";
				INFOPLIST_KEY_NSAppleMusicUsageDescription = "Cette application utilise Apple Music pour rechercher des pochettes d'albums";
				INFOPLIST_KEY_NSUserTrackingUsageDescription = "We use this data to provide you with personalized ads and support the ongoing development of this application";
				INFOPLIST_KEY_UIApplicationSupportsIndirectInputEvents = YES;
				INFOPLIST_KEY_UILaunchStoryboardName = LaunchScreen;
				INFOPLIST_KEY_UIRequiredDeviceCapabilities = armv7;
				INFOPLIST_KEY_UISupportedInterfaceOrientations = "UIInterfaceOrientationPortrait UIInterfaceOrientationLandscapeLeft UIInterfaceOrientationLandscapeRight";
				INFOPLIST_KEY_UISupportedInterfaceOrientations_iPad = "UIInterfaceOrientationPortrait UIInterfaceOrientationPortraitUpsideDown UIInterfaceOrientationLandscapeLeft UIInterfaceOrientationLandscapeRight";
				INFOPLIST_KEY_UISupportedInterfaceOrientations_iPhone = "UIInterfaceOrientationPortrait UIInterfaceOrientationLandscapeLeft UIInterfaceOrientationLandscapeRight";
				IPHONEOS_DEPLOYMENT_TARGET = 17.6;
				LD_RUNPATH_SEARCH_PATHS = (
					"$(inherited)",
					"@executable_path/Frameworks",
				);
				MARKETING_VERSION = 10.0;
				PRODUCT_BUNDLE_IDENTIFIER = com.ingravity.radiomyme;
				PRODUCT_NAME = "$(TARGET_NAME)";
				PROVISIONING_PROFILE_SPECIFIER = "";
				SWIFT_EMIT_LOC_STRINGS = YES;
				SWIFT_VERSION = 5.0;
				TARGETED_DEVICE_FAMILY = "1,2";
			};
			name = Release;
		};
		36A628942DD88912001323D2 /* Debug */ = {
			isa = XCBuildConfiguration;
			buildSettings = {
				BUNDLE_LOADER = "$(TEST_HOST)";
				CODE_SIGN_STYLE = Automatic;
				CURRENT_PROJECT_VERSION = 1;
				DEVELOPMENT_TEAM = 8A4M4QND2E;
				GENERATE_INFOPLIST_FILE = YES;
				IPHONEOS_DEPLOYMENT_TARGET = 18.4;
				MARKETING_VERSION = 1.0;
				PRODUCT_BUNDLE_IDENTIFIER = com.mystart.in.RadioPlayTests;
				PRODUCT_NAME = "$(TARGET_NAME)";
				SWIFT_EMIT_LOC_STRINGS = NO;
				SWIFT_VERSION = 5.0;
				TARGETED_DEVICE_FAMILY = "1,2";
				TEST_HOST = "$(BUILT_PRODUCTS_DIR)/RadioPlay.app/$(BUNDLE_EXECUTABLE_FOLDER_PATH)/RadioPlay";
			};
			name = Debug;
		};
		36A628952DD88912001323D2 /* Release */ = {
			isa = XCBuildConfiguration;
			buildSettings = {
				BUNDLE_LOADER = "$(TEST_HOST)";
				CODE_SIGN_STYLE = Automatic;
				CURRENT_PROJECT_VERSION = 1;
				DEVELOPMENT_TEAM = 8A4M4QND2E;
				GENERATE_INFOPLIST_FILE = YES;
				IPHONEOS_DEPLOYMENT_TARGET = 18.4;
				MARKETING_VERSION = 1.0;
				PRODUCT_BUNDLE_IDENTIFIER = com.mystart.in.RadioPlayTests;
				PRODUCT_NAME = "$(TARGET_NAME)";
				SWIFT_EMIT_LOC_STRINGS = NO;
				SWIFT_VERSION = 5.0;
				TARGETED_DEVICE_FAMILY = "1,2";
				TEST_HOST = "$(BUILT_PRODUCTS_DIR)/RadioPlay.app/$(BUNDLE_EXECUTABLE_FOLDER_PATH)/RadioPlay";
			};
			name = Release;
		};
		36A628972DD88912001323D2 /* Debug */ = {
			isa = XCBuildConfiguration;
			buildSettings = {
				CODE_SIGN_STYLE = Automatic;
				CURRENT_PROJECT_VERSION = 1;
				DEVELOPMENT_TEAM = 8A4M4QND2E;
				GENERATE_INFOPLIST_FILE = YES;
				MARKETING_VERSION = 1.0;
				PRODUCT_BUNDLE_IDENTIFIER = com.mystart.in.RadioPlayUITests;
				PRODUCT_NAME = "$(TARGET_NAME)";
				SWIFT_EMIT_LOC_STRINGS = NO;
				SWIFT_VERSION = 5.0;
				TARGETED_DEVICE_FAMILY = "1,2";
				TEST_TARGET_NAME = RadioPlay;
			};
			name = Debug;
		};
		36A628982DD88912001323D2 /* Release */ = {
			isa = XCBuildConfiguration;
			buildSettings = {
				CODE_SIGN_STYLE = Automatic;
				CURRENT_PROJECT_VERSION = 1;
				DEVELOPMENT_TEAM = 8A4M4QND2E;
				GENERATE_INFOPLIST_FILE = YES;
				MARKETING_VERSION = 1.0;
				PRODUCT_BUNDLE_IDENTIFIER = com.mystart.in.RadioPlayUITests;
				PRODUCT_NAME = "$(TARGET_NAME)";
				SWIFT_EMIT_LOC_STRINGS = NO;
				SWIFT_VERSION = 5.0;
				TARGETED_DEVICE_FAMILY = "1,2";
				TEST_TARGET_NAME = RadioPlay;
			};
			name = Release;
		};
/* End XCBuildConfiguration section */

/* Begin XCConfigurationList section */
		36A6286A2DD88911001323D2 /* Build configuration list for PBXProject "RadioPlay" */ = {
			isa = XCConfigurationList;
			buildConfigurations = (
				36A6288E2DD88912001323D2 /* Debug */,
				36A6288F2DD88912001323D2 /* Release */,
			);
			defaultConfigurationIsVisible = 0;
			defaultConfigurationName = Release;
		};
		36A628902DD88912001323D2 /* Build configuration list for PBXNativeTarget "RadioPlay" */ = {
			isa = XCConfigurationList;
			buildConfigurations = (
				36A628912DD88912001323D2 /* Debug */,
				36A628922DD88912001323D2 /* Release */,
			);
			defaultConfigurationIsVisible = 0;
			defaultConfigurationName = Release;
		};
		36A628932DD88912001323D2 /* Build configuration list for PBXNativeTarget "RadioPlayTests" */ = {
			isa = XCConfigurationList;
			buildConfigurations = (
				36A628942DD88912001323D2 /* Debug */,
				36A628952DD88912001323D2 /* Release */,
			);
			defaultConfigurationIsVisible = 0;
			defaultConfigurationName = Release;
		};
		36A628962DD88912001323D2 /* Build configuration list for PBXNativeTarget "RadioPlayUITests" */ = {
			isa = XCConfigurationList;
			buildConfigurations = (
				36A628972DD88912001323D2 /* Debug */,
				36A628982DD88912001323D2 /* Release */,
			);
			defaultConfigurationIsVisible = 0;
			defaultConfigurationName = Release;
		};
/* End XCConfigurationList section */

/* Begin XCRemoteSwiftPackageReference section */
		36976BD82E92D3B1003B6679 /* XCRemoteSwiftPackageReference "swift-package-manager-google-mobile-ads" */ = {
			isa = XCRemoteSwiftPackageReference;
			repositoryURL = "https://github.com/googleads/swift-package-manager-google-mobile-ads.git";
			requirement = {
				kind = upToNextMajorVersion;
				minimumVersion = 12.12.0;
			};
		};
/* End XCRemoteSwiftPackageReference section */

/* Begin XCSwiftPackageProductDependency section */
		36976BD92E92D3B1003B6679 /* GoogleMobileAds */ = {
			isa = XCSwiftPackageProductDependency;
			package = 36976BD82E92D3B1003B6679 /* XCRemoteSwiftPackageReference "swift-package-manager-google-mobile-ads" */;
			productName = GoogleMobileAds;
		};
/* End XCSwiftPackageProductDependency section */
	};
	rootObject = 36A628672DD88911001323D2 /* Project object */;
}
